
Microsoft Visual Studio Solution File, Format Version 12.00
# Visual Studio Version 17
VisualStudioVersion = 17.7.34221.43
MinimumVisualStudioVersion = 10.0.40219.1
Project("{FAE04EC0-301F-11D3-BF4B-00C04F79EFBC}") = "Task 20", "Task 20\Task 20.csproj", "{A526098B-92B7-4CA1-A956-F7BFE856E3FB}"
EndProject
Project("{9A19103F-16F7-4668-BE54-9A1E7A4F7556}") = "MyLib", "..\Task9\MyLib\MyLib.csproj", "{D65985B1-23A7-440E-A7D6-640B26EA293E}"
EndProject
Global
	GlobalSection(SolutionConfigurationPlatforms) = preSolution
		Debug|Any CPU = Debug|Any CPU
		Release|Any CPU = Release|Any CPU
	EndGlobalSection
	GlobalSection(ProjectConfigurationPlatforms) = postSolution
		{A526098B-92B7-4CA1-A956-F7BFE856E3FB}.Debug|Any CPU.ActiveCfg = Debug|Any CPU
		{A526098B-92B7-4CA1-A956-F7BFE856E3FB}.Debug|Any CPU.Build.0 = Debug|Any CPU
		{A526098B-92B7-4CA1-A956-F7BFE856E3FB}.Release|Any CPU.ActiveCfg = Release|Any CPU
		{A526098B-92B7-4CA1-A956-F7BFE856E3FB}.Release|Any CPU.Build.0 = Release|Any CPU
		{D65985B1-23A7-440E-A7D6-640B26EA293E}.Debug|Any CPU.ActiveCfg = Debug|Any CPU
		{D65985B1-23A7-440E-A7D6-640B26EA293E}.Debug|Any CPU.Build.0 = Debug|Any CPU
		{D65985B1-23A7-440E-A7D6-640B26EA293E}.Release|Any CPU.ActiveCfg = Release|Any CPU
		{D65985B1-23A7-440E-A7D6-640B26EA293E}.Release|Any CPU.Build.0 = Release|Any CPU
	EndGlobalSection
	GlobalSection(SolutionProperties) = preSolution
		HideSolutionNode = FALSE
	EndGlobalSection
	GlobalSection(ExtensibilityGlobals) = postSolution
		SolutionGuid = {D75A5BE6-1DDE-4474-84F3-CF7C76A8C7FC}
	EndGlobalSection
EndGlobal
