
Microsoft Visual Studio Solution File, Format Version 12.00
# Visual Studio Version 17
VisualStudioVersion = 17.7.34221.43
MinimumVisualStudioVersion = 10.0.40219.1
Project("{FAE04EC0-301F-11D3-BF4B-00C04F79EFBC}") = "Task13", "Task13\Task13.csproj", "{12A18516-DEA8-44DB-A228-BF5A709F8C20}"
EndProject
Project("{FAE04EC0-301F-11D3-BF4B-00C04F79EFBC}") = "SortingLibrary", "..\Task3\SortingLibrary\SortingLibrary.csproj", "{828DB9DC-5BC3-48CB-B5FE-F6B092404311}"
EndProject
Project("{FAE04EC0-301F-11D3-BF4B-00C04F79EFBC}") = "GenerationLibrary", "..\Task3\GenerationLibrary\GenerationLibrary.csproj", "{540EB89F-3E14-4E6F-856F-61E74A3596CA}"
EndProject
Global
	GlobalSection(SolutionConfigurationPlatforms) = preSolution
		Debug|Any CPU = Debug|Any CPU
		Release|Any CPU = Release|Any CPU
	EndGlobalSection
	GlobalSection(ProjectConfigurationPlatforms) = postSolution
		{12A18516-DEA8-44DB-A228-BF5A709F8C20}.Debug|Any CPU.ActiveCfg = Debug|Any CPU
		{12A18516-DEA8-44DB-A228-BF5A709F8C20}.Debug|Any CPU.Build.0 = Debug|Any CPU
		{12A18516-DEA8-44DB-A228-BF5A709F8C20}.Release|Any CPU.ActiveCfg = Release|Any CPU
		{12A18516-DEA8-44DB-A228-BF5A709F8C20}.Release|Any CPU.Build.0 = Release|Any CPU
		{828DB9DC-5BC3-48CB-B5FE-F6B092404311}.Debug|Any CPU.ActiveCfg = Debug|Any CPU
		{828DB9DC-5BC3-48CB-B5FE-F6B092404311}.Debug|Any CPU.Build.0 = Debug|Any CPU
		{828DB9DC-5BC3-48CB-B5FE-F6B092404311}.Release|Any CPU.ActiveCfg = Release|Any CPU
		{828DB9DC-5BC3-48CB-B5FE-F6B092404311}.Release|Any CPU.Build.0 = Release|Any CPU
		{540EB89F-3E14-4E6F-856F-61E74A3596CA}.Debug|Any CPU.ActiveCfg = Debug|Any CPU
		{540EB89F-3E14-4E6F-856F-61E74A3596CA}.Debug|Any CPU.Build.0 = Debug|Any CPU
		{540EB89F-3E14-4E6F-856F-61E74A3596CA}.Release|Any CPU.ActiveCfg = Release|Any CPU
		{540EB89F-3E14-4E6F-856F-61E74A3596CA}.Release|Any CPU.Build.0 = Release|Any CPU
	EndGlobalSection
	GlobalSection(SolutionProperties) = preSolution
		HideSolutionNode = FALSE
	EndGlobalSection
	GlobalSection(ExtensibilityGlobals) = postSolution
		SolutionGuid = {9F07E9B5-17F3-4F00-887D-0C25D9852700}
	EndGlobalSection
EndGlobal
