
Microsoft Visual Studio Solution File, Format Version 12.00
# Visual Studio Version 17
VisualStudioVersion = 17.7.34221.43
MinimumVisualStudioVersion = 10.0.40219.1
Project("{FAE04EC0-301F-11D3-BF4B-00C04F79EFBC}") = "Task10", "Task10\Task10.csproj", "{849B2176-9733-4BB0-8128-92566ED6084F}"
EndProject
Project("{9A19103F-16F7-4668-BE54-9A1E7A4F7556}") = "MyLib", "..\Task8\MyLib\MyLib.csproj", "{7A3F7E0F-1A03-4CC5-BB56-87A45ED734EA}"
EndProject
Global
	GlobalSection(SolutionConfigurationPlatforms) = preSolution
		Debug|Any CPU = Debug|Any CPU
		Release|Any CPU = Release|Any CPU
	EndGlobalSection
	GlobalSection(ProjectConfigurationPlatforms) = postSolution
		{849B2176-9733-4BB0-8128-92566ED6084F}.Debug|Any CPU.ActiveCfg = Debug|Any CPU
		{849B2176-9733-4BB0-8128-92566ED6084F}.Debug|Any CPU.Build.0 = Debug|Any CPU
		{849B2176-9733-4BB0-8128-92566ED6084F}.Release|Any CPU.ActiveCfg = Release|Any CPU
		{849B2176-9733-4BB0-8128-92566ED6084F}.Release|Any CPU.Build.0 = Release|Any CPU
		{7A3F7E0F-1A03-4CC5-BB56-87A45ED734EA}.Debug|Any CPU.ActiveCfg = Debug|Any CPU
		{7A3F7E0F-1A03-4CC5-BB56-87A45ED734EA}.Debug|Any CPU.Build.0 = Debug|Any CPU
		{7A3F7E0F-1A03-4CC5-BB56-87A45ED734EA}.Release|Any CPU.ActiveCfg = Release|Any CPU
		{7A3F7E0F-1A03-4CC5-BB56-87A45ED734EA}.Release|Any CPU.Build.0 = Release|Any CPU
	EndGlobalSection
	GlobalSection(SolutionProperties) = preSolution
		HideSolutionNode = FALSE
	EndGlobalSection
	GlobalSection(ExtensibilityGlobals) = postSolution
		SolutionGuid = {F56625B6-7381-4559-A38A-22E7889D3A86}
	EndGlobalSection
EndGlobal
