
Microsoft Visual Studio Solution File, Format Version 12.00
# Visual Studio Version 17
VisualStudioVersion = 17.7.34221.43
MinimumVisualStudioVersion = 10.0.40219.1
Project("{FAE04EC0-301F-11D3-BF4B-00C04F79EFBC}") = "Task11", "Task11\Task11.csproj", "{E613CA35-144A-4249-AC31-1FF3BCC0F9DE}"
EndProject
Project("{9A19103F-16F7-4668-BE54-9A1E7A4F7556}") = "MyLib", "..\Task9\MyLib\MyLib.csproj", "{211B805D-0CEB-4555-9426-8E2C9C7F5E11}"
EndProject
Global
	GlobalSection(SolutionConfigurationPlatforms) = preSolution
		Debug|Any CPU = Debug|Any CPU
		Release|Any CPU = Release|Any CPU
	EndGlobalSection
	GlobalSection(ProjectConfigurationPlatforms) = postSolution
		{E613CA35-144A-4249-AC31-1FF3BCC0F9DE}.Debug|Any CPU.ActiveCfg = Debug|Any CPU
		{E613CA35-144A-4249-AC31-1FF3BCC0F9DE}.Debug|Any CPU.Build.0 = Debug|Any CPU
		{E613CA35-144A-4249-AC31-1FF3BCC0F9DE}.Release|Any CPU.ActiveCfg = Release|Any CPU
		{E613CA35-144A-4249-AC31-1FF3BCC0F9DE}.Release|Any CPU.Build.0 = Release|Any CPU
		{211B805D-0CEB-4555-9426-8E2C9C7F5E11}.Debug|Any CPU.ActiveCfg = Debug|Any CPU
		{211B805D-0CEB-4555-9426-8E2C9C7F5E11}.Debug|Any CPU.Build.0 = Debug|Any CPU
		{211B805D-0CEB-4555-9426-8E2C9C7F5E11}.Release|Any CPU.ActiveCfg = Release|Any CPU
		{211B805D-0CEB-4555-9426-8E2C9C7F5E11}.Release|Any CPU.Build.0 = Release|Any CPU
	EndGlobalSection
	GlobalSection(SolutionProperties) = preSolution
		HideSolutionNode = FALSE
	EndGlobalSection
	GlobalSection(ExtensibilityGlobals) = postSolution
		SolutionGuid = {2D08F4E4-3C6F-4F4A-95EB-DED1DDACE413}
	EndGlobalSection
EndGlobal
