
Microsoft Visual Studio Solution File, Format Version 12.00
# Visual Studio Version 17
VisualStudioVersion = 17.7.34221.43
MinimumVisualStudioVersion = 10.0.40219.1
Project("{FAE04EC0-301F-11D3-BF4B-00C04F79EFBC}") = "Task14", "Task14\Task14.csproj", "{CFF106BE-CD76-4565-B899-5BAC78D22505}"
EndProject
Project("{9A19103F-16F7-4668-BE54-9A1E7A4F7556}") = "MyLib", "..\Task9\MyLib\MyLib.csproj", "{EB219F13-58B4-4484-8F46-632BCBE7FB3F}"
EndProject
Global
	GlobalSection(SolutionConfigurationPlatforms) = preSolution
		Debug|Any CPU = Debug|Any CPU
		Release|Any CPU = Release|Any CPU
	EndGlobalSection
	GlobalSection(ProjectConfigurationPlatforms) = postSolution
		{CFF106BE-CD76-4565-B899-5BAC78D22505}.Debug|Any CPU.ActiveCfg = Debug|Any CPU
		{CFF106BE-CD76-4565-B899-5BAC78D22505}.Debug|Any CPU.Build.0 = Debug|Any CPU
		{CFF106BE-CD76-4565-B899-5BAC78D22505}.Release|Any CPU.ActiveCfg = Release|Any CPU
		{CFF106BE-CD76-4565-B899-5BAC78D22505}.Release|Any CPU.Build.0 = Release|Any CPU
		{EB219F13-58B4-4484-8F46-632BCBE7FB3F}.Debug|Any CPU.ActiveCfg = Debug|Any CPU
		{EB219F13-58B4-4484-8F46-632BCBE7FB3F}.Debug|Any CPU.Build.0 = Debug|Any CPU
		{EB219F13-58B4-4484-8F46-632BCBE7FB3F}.Release|Any CPU.ActiveCfg = Release|Any CPU
		{EB219F13-58B4-4484-8F46-632BCBE7FB3F}.Release|Any CPU.Build.0 = Release|Any CPU
	EndGlobalSection
	GlobalSection(SolutionProperties) = preSolution
		HideSolutionNode = FALSE
	EndGlobalSection
	GlobalSection(ExtensibilityGlobals) = postSolution
		SolutionGuid = {6A4BAD7A-68E2-4CEF-A39C-308629EDADEF}
	EndGlobalSection
EndGlobal
