
Microsoft Visual Studio Solution File, Format Version 12.00
# Visual Studio Version 17
VisualStudioVersion = 17.7.34221.43
MinimumVisualStudioVersion = 10.0.40219.1
Project("{9A19103F-16F7-4668-BE54-9A1E7A4F7556}") = "Task7", "Task7\Task7.csproj", "{8BC9DEB6-8BBB-49DF-8E29-F76426BDA9B0}"
EndProject
Project("{FAE04EC0-301F-11D3-BF4B-00C04F79EFBC}") = "MyArrayListLib", "MyArrayListLib\MyArrayListLib.csproj", "{AF9A8FC2-4D47-40A4-BA95-8CE4254F20BC}"
EndProject
Global
	GlobalSection(SolutionConfigurationPlatforms) = preSolution
		Debug|Any CPU = Debug|Any CPU
		Release|Any CPU = Release|Any CPU
	EndGlobalSection
	GlobalSection(ProjectConfigurationPlatforms) = postSolution
		{8BC9DEB6-8BBB-49DF-8E29-F76426BDA9B0}.Debug|Any CPU.ActiveCfg = Debug|Any CPU
		{8BC9DEB6-8BBB-49DF-8E29-F76426BDA9B0}.Debug|Any CPU.Build.0 = Debug|Any CPU
		{8BC9DEB6-8BBB-49DF-8E29-F76426BDA9B0}.Release|Any CPU.ActiveCfg = Release|Any CPU
		{8BC9DEB6-8BBB-49DF-8E29-F76426BDA9B0}.Release|Any CPU.Build.0 = Release|Any CPU
		{AF9A8FC2-4D47-40A4-BA95-8CE4254F20BC}.Debug|Any CPU.ActiveCfg = Debug|Any CPU
		{AF9A8FC2-4D47-40A4-BA95-8CE4254F20BC}.Debug|Any CPU.Build.0 = Debug|Any CPU
		{AF9A8FC2-4D47-40A4-BA95-8CE4254F20BC}.Release|Any CPU.ActiveCfg = Release|Any CPU
		{AF9A8FC2-4D47-40A4-BA95-8CE4254F20BC}.Release|Any CPU.Build.0 = Release|Any CPU
	EndGlobalSection
	GlobalSection(SolutionProperties) = preSolution
		HideSolutionNode = FALSE
	EndGlobalSection
	GlobalSection(ExtensibilityGlobals) = postSolution
		SolutionGuid = {EAD421F2-53E8-4767-80D9-5CAE0FD34ECC}
	EndGlobalSection
EndGlobal
