
Microsoft Visual Studio Solution File, Format Version 12.00
# Visual Studio Version 17
VisualStudioVersion = 17.7.34221.43
MinimumVisualStudioVersion = 10.0.40219.1
Project("{FAE04EC0-301F-11D3-BF4B-00C04F79EFBC}") = "Task18", "Task18\Task18.csproj", "{E689B380-296C-46C3-B1D7-26333DFC27CC}"
EndProject
Project("{9A19103F-16F7-4668-BE54-9A1E7A4F7556}") = "MyLib", "..\Task9\MyLib\MyLib.csproj", "{D6663927-50AB-4861-AFAA-DCAB75505D05}"
EndProject
Global
	GlobalSection(SolutionConfigurationPlatforms) = preSolution
		Debug|Any CPU = Debug|Any CPU
		Release|Any CPU = Release|Any CPU
	EndGlobalSection
	GlobalSection(ProjectConfigurationPlatforms) = postSolution
		{E689B380-296C-46C3-B1D7-26333DFC27CC}.Debug|Any CPU.ActiveCfg = Debug|Any CPU
		{E689B380-296C-46C3-B1D7-26333DFC27CC}.Debug|Any CPU.Build.0 = Debug|Any CPU
		{E689B380-296C-46C3-B1D7-26333DFC27CC}.Release|Any CPU.ActiveCfg = Release|Any CPU
		{E689B380-296C-46C3-B1D7-26333DFC27CC}.Release|Any CPU.Build.0 = Release|Any CPU
		{D6663927-50AB-4861-AFAA-DCAB75505D05}.Debug|Any CPU.ActiveCfg = Debug|Any CPU
		{D6663927-50AB-4861-AFAA-DCAB75505D05}.Debug|Any CPU.Build.0 = Debug|Any CPU
		{D6663927-50AB-4861-AFAA-DCAB75505D05}.Release|Any CPU.ActiveCfg = Release|Any CPU
		{D6663927-50AB-4861-AFAA-DCAB75505D05}.Release|Any CPU.Build.0 = Release|Any CPU
	EndGlobalSection
	GlobalSection(SolutionProperties) = preSolution
		HideSolutionNode = FALSE
	EndGlobalSection
	GlobalSection(ExtensibilityGlobals) = postSolution
		SolutionGuid = {CD0F082B-4E35-4A0D-84E5-AECC07F15BFB}
	EndGlobalSection
EndGlobal
