
Microsoft Visual Studio Solution File, Format Version 12.00
# Visual Studio Version 17
VisualStudioVersion = 17.7.34221.43
MinimumVisualStudioVersion = 10.0.40219.1
Project("{FAE04EC0-301F-11D3-BF4B-00C04F79EFBC}") = "Task26", "Task26\Task26.csproj", "{BA9219B5-5D51-43A4-9406-5A07A08B4644}"
EndProject
Project("{9A19103F-16F7-4668-BE54-9A1E7A4F7556}") = "MyLib", "..\Task9\MyLib\MyLib.csproj", "{2217AB3A-C345-464C-863B-6CD2ABF1B74F}"
EndProject
Global
	GlobalSection(SolutionConfigurationPlatforms) = preSolution
		Debug|Any CPU = Debug|Any CPU
		Release|Any CPU = Release|Any CPU
	EndGlobalSection
	GlobalSection(ProjectConfigurationPlatforms) = postSolution
		{BA9219B5-5D51-43A4-9406-5A07A08B4644}.Debug|Any CPU.ActiveCfg = Debug|Any CPU
		{BA9219B5-5D51-43A4-9406-5A07A08B4644}.Debug|Any CPU.Build.0 = Debug|Any CPU
		{BA9219B5-5D51-43A4-9406-5A07A08B4644}.Release|Any CPU.ActiveCfg = Release|Any CPU
		{BA9219B5-5D51-43A4-9406-5A07A08B4644}.Release|Any CPU.Build.0 = Release|Any CPU
		{2217AB3A-C345-464C-863B-6CD2ABF1B74F}.Debug|Any CPU.ActiveCfg = Debug|Any CPU
		{2217AB3A-C345-464C-863B-6CD2ABF1B74F}.Debug|Any CPU.Build.0 = Debug|Any CPU
		{2217AB3A-C345-464C-863B-6CD2ABF1B74F}.Release|Any CPU.ActiveCfg = Release|Any CPU
		{2217AB3A-C345-464C-863B-6CD2ABF1B74F}.Release|Any CPU.Build.0 = Release|Any CPU
	EndGlobalSection
	GlobalSection(SolutionProperties) = preSolution
		HideSolutionNode = FALSE
	EndGlobalSection
	GlobalSection(ExtensibilityGlobals) = postSolution
		SolutionGuid = {6993C1AD-BCA0-43F6-AB99-EEF588B730CD}
	EndGlobalSection
EndGlobal
