
Microsoft Visual Studio Solution File, Format Version 12.00
# Visual Studio Version 17
VisualStudioVersion = 17.7.34221.43
MinimumVisualStudioVersion = 10.0.40219.1
Project("{FAE04EC0-301F-11D3-BF4B-00C04F79EFBC}") = "Task24", "Task24\Task24.csproj", "{6F0161F3-365F-4FB4-A384-7D7C019C305A}"
EndProject
Project("{9A19103F-16F7-4668-BE54-9A1E7A4F7556}") = "MyLib", "..\Task9\MyLib\MyLib.csproj", "{0681EC0B-8EEF-4B6B-871F-C6717F980F19}"
EndProject
Global
	GlobalSection(SolutionConfigurationPlatforms) = preSolution
		Debug|Any CPU = Debug|Any CPU
		Release|Any CPU = Release|Any CPU
	EndGlobalSection
	GlobalSection(ProjectConfigurationPlatforms) = postSolution
		{6F0161F3-365F-4FB4-A384-7D7C019C305A}.Debug|Any CPU.ActiveCfg = Debug|Any CPU
		{6F0161F3-365F-4FB4-A384-7D7C019C305A}.Debug|Any CPU.Build.0 = Debug|Any CPU
		{6F0161F3-365F-4FB4-A384-7D7C019C305A}.Release|Any CPU.ActiveCfg = Release|Any CPU
		{6F0161F3-365F-4FB4-A384-7D7C019C305A}.Release|Any CPU.Build.0 = Release|Any CPU
		{0681EC0B-8EEF-4B6B-871F-C6717F980F19}.Debug|Any CPU.ActiveCfg = Debug|Any CPU
		{0681EC0B-8EEF-4B6B-871F-C6717F980F19}.Debug|Any CPU.Build.0 = Debug|Any CPU
		{0681EC0B-8EEF-4B6B-871F-C6717F980F19}.Release|Any CPU.ActiveCfg = Release|Any CPU
		{0681EC0B-8EEF-4B6B-871F-C6717F980F19}.Release|Any CPU.Build.0 = Release|Any CPU
	EndGlobalSection
	GlobalSection(SolutionProperties) = preSolution
		HideSolutionNode = FALSE
	EndGlobalSection
	GlobalSection(ExtensibilityGlobals) = postSolution
		SolutionGuid = {A192A72D-D08B-4E96-B99D-AEBB89994361}
	EndGlobalSection
EndGlobal
