
Microsoft Visual Studio Solution File, Format Version 12.00
# Visual Studio Version 17
VisualStudioVersion = 17.7.34221.43
MinimumVisualStudioVersion = 10.0.40219.1
Project("{FAE04EC0-301F-11D3-BF4B-00C04F79EFBC}") = "Task15", "Task15\Task15.csproj", "{B1E13A88-DD07-4D46-BF3A-4B6C4234C4CE}"
EndProject
Project("{9A19103F-16F7-4668-BE54-9A1E7A4F7556}") = "MyLib", "..\Task9\MyLib\MyLib.csproj", "{7A33E534-6855-4D1E-BCE2-FDE97889D679}"
EndProject
Global
	GlobalSection(SolutionConfigurationPlatforms) = preSolution
		Debug|Any CPU = Debug|Any CPU
		Release|Any CPU = Release|Any CPU
	EndGlobalSection
	GlobalSection(ProjectConfigurationPlatforms) = postSolution
		{B1E13A88-DD07-4D46-BF3A-4B6C4234C4CE}.Debug|Any CPU.ActiveCfg = Debug|Any CPU
		{B1E13A88-DD07-4D46-BF3A-4B6C4234C4CE}.Debug|Any CPU.Build.0 = Debug|Any CPU
		{B1E13A88-DD07-4D46-BF3A-4B6C4234C4CE}.Release|Any CPU.ActiveCfg = Release|Any CPU
		{B1E13A88-DD07-4D46-BF3A-4B6C4234C4CE}.Release|Any CPU.Build.0 = Release|Any CPU
		{7A33E534-6855-4D1E-BCE2-FDE97889D679}.Debug|Any CPU.ActiveCfg = Debug|Any CPU
		{7A33E534-6855-4D1E-BCE2-FDE97889D679}.Debug|Any CPU.Build.0 = Debug|Any CPU
		{7A33E534-6855-4D1E-BCE2-FDE97889D679}.Release|Any CPU.ActiveCfg = Release|Any CPU
		{7A33E534-6855-4D1E-BCE2-FDE97889D679}.Release|Any CPU.Build.0 = Release|Any CPU
	EndGlobalSection
	GlobalSection(SolutionProperties) = preSolution
		HideSolutionNode = FALSE
	EndGlobalSection
	GlobalSection(ExtensibilityGlobals) = postSolution
		SolutionGuid = {3A76E672-C025-4DD0-9F81-510CD53537E4}
	EndGlobalSection
EndGlobal
