
Microsoft Visual Studio Solution File, Format Version 12.00
# Visual Studio Version 17
VisualStudioVersion = 17.7.34221.43
MinimumVisualStudioVersion = 10.0.40219.1
Project("{FAE04EC0-301F-11D3-BF4B-00C04F79EFBC}") = "Ttask12", "Ttask12\Ttask12.csproj", "{68D9B1E4-4C22-422D-B175-23FAC64811A3}"
EndProject
Project("{9A19103F-16F7-4668-BE54-9A1E7A4F7556}") = "MyLib", "..\Task9\MyLib\MyLib.csproj", "{88EE95E1-C710-4414-8303-096CCBCA8506}"
EndProject
Global
	GlobalSection(SolutionConfigurationPlatforms) = preSolution
		Debug|Any CPU = Debug|Any CPU
		Release|Any CPU = Release|Any CPU
	EndGlobalSection
	GlobalSection(ProjectConfigurationPlatforms) = postSolution
		{68D9B1E4-4C22-422D-B175-23FAC64811A3}.Debug|Any CPU.ActiveCfg = Debug|Any CPU
		{68D9B1E4-4C22-422D-B175-23FAC64811A3}.Debug|Any CPU.Build.0 = Debug|Any CPU
		{68D9B1E4-4C22-422D-B175-23FAC64811A3}.Release|Any CPU.ActiveCfg = Release|Any CPU
		{68D9B1E4-4C22-422D-B175-23FAC64811A3}.Release|Any CPU.Build.0 = Release|Any CPU
		{88EE95E1-C710-4414-8303-096CCBCA8506}.Debug|Any CPU.ActiveCfg = Debug|Any CPU
		{88EE95E1-C710-4414-8303-096CCBCA8506}.Debug|Any CPU.Build.0 = Debug|Any CPU
		{88EE95E1-C710-4414-8303-096CCBCA8506}.Release|Any CPU.ActiveCfg = Release|Any CPU
		{88EE95E1-C710-4414-8303-096CCBCA8506}.Release|Any CPU.Build.0 = Release|Any CPU
	EndGlobalSection
	GlobalSection(SolutionProperties) = preSolution
		HideSolutionNode = FALSE
	EndGlobalSection
	GlobalSection(ExtensibilityGlobals) = postSolution
		SolutionGuid = {E23C2D2F-B6F0-45B2-B9D2-C1914BBD06B0}
	EndGlobalSection
EndGlobal
