
Microsoft Visual Studio Solution File, Format Version 12.00
# Visual Studio Version 17
VisualStudioVersion = 17.7.34221.43
MinimumVisualStudioVersion = 10.0.40219.1
Project("{FAE04EC0-301F-11D3-BF4B-00C04F79EFBC}") = "Task6", "Task6\Task6.csproj", "{2691C7AB-EEB7-429C-A95A-855A7D1C3C8E}"
EndProject
Global
	GlobalSection(SolutionConfigurationPlatforms) = preSolution
		Debug|Any CPU = Debug|Any CPU
		Release|Any CPU = Release|Any CPU
	EndGlobalSection
	GlobalSection(ProjectConfigurationPlatforms) = postSolution
		{2691C7AB-EEB7-429C-A95A-855A7D1C3C8E}.Debug|Any CPU.ActiveCfg = Debug|Any CPU
		{2691C7AB-EEB7-429C-A95A-855A7D1C3C8E}.Debug|Any CPU.Build.0 = Debug|Any CPU
		{2691C7AB-EEB7-429C-A95A-855A7D1C3C8E}.Release|Any CPU.ActiveCfg = Release|Any CPU
		{2691C7AB-EEB7-429C-A95A-855A7D1C3C8E}.Release|Any CPU.Build.0 = Release|Any CPU
	EndGlobalSection
	GlobalSection(SolutionProperties) = preSolution
		HideSolutionNode = FALSE
	EndGlobalSection
	GlobalSection(ExtensibilityGlobals) = postSolution
		SolutionGuid = {C656A419-4C1F-4FC6-934B-19183736950C}
	EndGlobalSection
EndGlobal
